
Microsoft Visual Studio Solution File, Format Version 12.00
# Visual Studio 14
VisualStudioVersion = 14.0.25123.0
MinimumVisualStudioVersion = 10.0.40219.1
Project("{8BC9CEB8-8B4A-11D0-8D11-00A0C91BC942}") = "liblogicalaccess-swig.win32", "wrapper\liblogicalaccess-swig.win32.vcxproj", "{21CDAB77-B8E5-416B-A2FD-AD60AD0FEF27}"
EndProject
Project("{FAE04EC0-301F-11D3-BF4B-00C04F79EFBC}") = "LibLogicalAccess", "wrapper\csharp\LibLogicalAccess.csproj", "{9C4E76D4-1623-4994-B54F-3B1343F5F4AD}"
	ProjectSection(ProjectDependencies) = postProject
		{21CDAB77-B8E5-416B-A2FD-AD60AD0FEF27} = {21CDAB77-B8E5-416B-A2FD-AD60AD0FEF27}
	EndProjectSection
EndProject
Global
	GlobalSection(SolutionConfigurationPlatforms) = preSolution
		Debug|Any CPU = Debug|Any CPU
		Debug|Mixed Platforms = Debug|Mixed Platforms
		Debug|Win32 = Debug|Win32
		Debug|x64 = Debug|x64
		Debug|x86 = Debug|x86
		Release|Any CPU = Release|Any CPU
		Release|Mixed Platforms = Release|Mixed Platforms
		Release|Win32 = Release|Win32
		Release|x64 = Release|x64
		Release|x86 = Release|x86
	EndGlobalSection
	GlobalSection(ProjectConfigurationPlatforms) = postSolution
		{21CDAB77-B8E5-416B-A2FD-AD60AD0FEF27}.Debug|Any CPU.ActiveCfg = Debug|x64
		{21CDAB77-B8E5-416B-A2FD-AD60AD0FEF27}.Debug|Mixed Platforms.ActiveCfg = Debug|x64
		{21CDAB77-B8E5-416B-A2FD-AD60AD0FEF27}.Debug|Mixed Platforms.Build.0 = Debug|x64
		{21CDAB77-B8E5-416B-A2FD-AD60AD0FEF27}.Debug|Win32.ActiveCfg = Debug|Win32
		{21CDAB77-B8E5-416B-A2FD-AD60AD0FEF27}.Debug|Win32.Build.0 = Debug|Win32
		{21CDAB77-B8E5-416B-A2FD-AD60AD0FEF27}.Debug|x64.ActiveCfg = Debug|Win32
		{21CDAB77-B8E5-416B-A2FD-AD60AD0FEF27}.Debug|x86.ActiveCfg = Debug|x64
		{21CDAB77-B8E5-416B-A2FD-AD60AD0FEF27}.Release|Any CPU.ActiveCfg = Release|x64
		{21CDAB77-B8E5-416B-A2FD-AD60AD0FEF27}.Release|Mixed Platforms.ActiveCfg = Release|x64
		{21CDAB77-B8E5-416B-A2FD-AD60AD0FEF27}.Release|Mixed Platforms.Build.0 = Release|x64
		{21CDAB77-B8E5-416B-A2FD-AD60AD0FEF27}.Release|Win32.ActiveCfg = Release|Win32
		{21CDAB77-B8E5-416B-A2FD-AD60AD0FEF27}.Release|Win32.Build.0 = Release|Win32
		{21CDAB77-B8E5-416B-A2FD-AD60AD0FEF27}.Release|x64.ActiveCfg = Release|x64
		{21CDAB77-B8E5-416B-A2FD-AD60AD0FEF27}.Release|x86.ActiveCfg = Release|x64
		{9C4E76D4-1623-4994-B54F-3B1343F5F4AD}.Debug|Any CPU.ActiveCfg = Debug|Any CPU
		{9C4E76D4-1623-4994-B54F-3B1343F5F4AD}.Debug|Any CPU.Build.0 = Debug|Any CPU
		{9C4E76D4-1623-4994-B54F-3B1343F5F4AD}.Debug|Mixed Platforms.ActiveCfg = Debug|Any CPU
		{9C4E76D4-1623-4994-B54F-3B1343F5F4AD}.Debug|Mixed Platforms.Build.0 = Debug|Any CPU
		{9C4E76D4-1623-4994-B54F-3B1343F5F4AD}.Debug|Win32.ActiveCfg = Debug|Any CPU
		{9C4E76D4-1623-4994-B54F-3B1343F5F4AD}.Debug|x64.ActiveCfg = Debug|Any CPU
		{9C4E76D4-1623-4994-B54F-3B1343F5F4AD}.Debug|x86.ActiveCfg = Debug|Any CPU
		{9C4E76D4-1623-4994-B54F-3B1343F5F4AD}.Release|Any CPU.ActiveCfg = Release|Any CPU
		{9C4E76D4-1623-4994-B54F-3B1343F5F4AD}.Release|Any CPU.Build.0 = Release|Any CPU
		{9C4E76D4-1623-4994-B54F-3B1343F5F4AD}.Release|Mixed Platforms.ActiveCfg = Release|Any CPU
		{9C4E76D4-1623-4994-B54F-3B1343F5F4AD}.Release|Mixed Platforms.Build.0 = Release|Any CPU
		{9C4E76D4-1623-4994-B54F-3B1343F5F4AD}.Release|Win32.ActiveCfg = Release|Any CPU
		{9C4E76D4-1623-4994-B54F-3B1343F5F4AD}.Release|Win32.Build.0 = Release|Any CPU
		{9C4E76D4-1623-4994-B54F-3B1343F5F4AD}.Release|x64.ActiveCfg = Release|Any CPU
		{9C4E76D4-1623-4994-B54F-3B1343F5F4AD}.Release|x86.ActiveCfg = Release|Any CPU
	EndGlobalSection
	GlobalSection(SolutionProperties) = preSolution
		HideSolutionNode = FALSE
	EndGlobalSection
EndGlobal
