
Microsoft Visual Studio Solution File, Format Version 12.00
# Visual Studio 2013
VisualStudioVersion = 12.0.40629.0
MinimumVisualStudioVersion = 10.0.40219.1
Project("{8BC9CEB8-8B4A-11D0-8D11-00A0C91BC942}") = "LibLogicalAccessNet.win32", "LibLogicalAccessNet.win32\LibLogicalAccessNet.win32.vcxproj", "{14229126-896D-4055-8A80-AB8094E603D6}"
EndProject
Project("{FAE04EC0-301F-11D3-BF4B-00C04F79EFBC}") = "LibLogicalAccessNet", "LibLogicalAccessNet\LibLogicalAccessNet.csproj", "{2A4D8C7D-84F8-4634-911B-8E001116D4DD}"
EndProject
Global
	GlobalSection(SolutionConfigurationPlatforms) = preSolution
		Debug|Win32 = Debug|Win32
		Release|Win32 = Release|Win32
	EndGlobalSection
	GlobalSection(ProjectConfigurationPlatforms) = postSolution
		{14229126-896D-4055-8A80-AB8094E603D6}.Debug|Win32.ActiveCfg = Debug|Win32
		{14229126-896D-4055-8A80-AB8094E603D6}.Debug|Win32.Build.0 = Debug|Win32
		{14229126-896D-4055-8A80-AB8094E603D6}.Release|Win32.ActiveCfg = Release|Win32
		{14229126-896D-4055-8A80-AB8094E603D6}.Release|Win32.Build.0 = Release|Win32
		{2A4D8C7D-84F8-4634-911B-8E001116D4DD}.Debug|Win32.ActiveCfg = Debug|Any CPU
		{2A4D8C7D-84F8-4634-911B-8E001116D4DD}.Debug|Win32.Build.0 = Debug|Any CPU
		{2A4D8C7D-84F8-4634-911B-8E001116D4DD}.Release|Win32.ActiveCfg = Release|Any CPU
	EndGlobalSection
	GlobalSection(SolutionProperties) = preSolution
		HideSolutionNode = FALSE
	EndGlobalSection
EndGlobal
