
Microsoft Visual Studio Solution File, Format Version 12.00
# Visual Studio 2017
VisualStudioVersion = 15.0.27004.2008
MinimumVisualStudioVersion = 10.0.40219.1
Project("{8BC9CEB8-8B4A-11D0-8D11-00A0C91BC942}") = "LibLogicalAccessNet.win32", "LibLogicalAccessNet.win32\LibLogicalAccessNet.win32.vcxproj", "{14229126-896D-4055-8A80-AB8094E603D6}"
EndProject
Project("{9A19103F-16F7-4668-BE54-9A1E7A4F7556}") = "LibLogicalAccessNet", "LibLogicalAccessNet\LibLogicalAccessNet.csproj", "{2A4D8C7D-84F8-4634-911B-8E001116D4DD}"
EndProject
Project("{FAE04EC0-301F-11D3-BF4B-00C04F79EFBC}") = "LibLogicalAccessNetTest", "LibLogicalAccessNetTest\LibLogicalAccessNetTest.csproj", "{B0680F3A-CD65-4BF4-B9B1-EE4B6CBC6D89}"
EndProject
Project("{FAE04EC0-301F-11D3-BF4B-00C04F79EFBC}") = "Mifare1KTests", "Mifare1K\Mifare1KTests.csproj", "{F34E8A7B-7D85-4D44-9CD3-0BB79567C2DF}"
EndProject
Project("{FAE04EC0-301F-11D3-BF4B-00C04F79EFBC}") = "TestCore", "TestCore\TestCore.csproj", "{80D0D1C9-CBAB-44C4-9A0F-923ACC6A59FA}"
EndProject
Project("{FAE04EC0-301F-11D3-BF4B-00C04F79EFBC}") = "ISO15693Tests", "ISO15693Tests\ISO15693Tests.csproj", "{C6D01D7B-8F2F-4C37-835C-8605F428B255}"
EndProject
Project("{FAE04EC0-301F-11D3-BF4B-00C04F79EFBC}") = "DESFireEV1Tests", "DESFireEV1Tests\DESFireEV1Tests.csproj", "{F18B58D9-E8E8-41F7-883B-3B8C52EC1C49}"
EndProject
Global
	GlobalSection(SolutionConfigurationPlatforms) = preSolution
		Debug|Any CPU = Debug|Any CPU
		Debug|x64 = Debug|x64
		Debug|x86 = Debug|x86
		Release|Any CPU = Release|Any CPU
		Release|x64 = Release|x64
		Release|x86 = Release|x86
	EndGlobalSection
	GlobalSection(ProjectConfigurationPlatforms) = postSolution
		{14229126-896D-4055-8A80-AB8094E603D6}.Debug|Any CPU.ActiveCfg = Debug|x64
		{14229126-896D-4055-8A80-AB8094E603D6}.Debug|x64.ActiveCfg = Debug|x64
		{14229126-896D-4055-8A80-AB8094E603D6}.Debug|x64.Build.0 = Debug|x64
		{14229126-896D-4055-8A80-AB8094E603D6}.Debug|x86.ActiveCfg = Debug|Win32
		{14229126-896D-4055-8A80-AB8094E603D6}.Debug|x86.Build.0 = Debug|Win32
		{14229126-896D-4055-8A80-AB8094E603D6}.Release|Any CPU.ActiveCfg = Release|Win32
		{14229126-896D-4055-8A80-AB8094E603D6}.Release|x64.ActiveCfg = Release|x64
		{14229126-896D-4055-8A80-AB8094E603D6}.Release|x64.Build.0 = Release|x64
		{14229126-896D-4055-8A80-AB8094E603D6}.Release|x86.ActiveCfg = Release|Win32
		{14229126-896D-4055-8A80-AB8094E603D6}.Release|x86.Build.0 = Release|Win32
		{2A4D8C7D-84F8-4634-911B-8E001116D4DD}.Debug|Any CPU.ActiveCfg = Debug|Any CPU
		{2A4D8C7D-84F8-4634-911B-8E001116D4DD}.Debug|Any CPU.Build.0 = Debug|Any CPU
		{2A4D8C7D-84F8-4634-911B-8E001116D4DD}.Debug|x64.ActiveCfg = Debug|Any CPU
		{2A4D8C7D-84F8-4634-911B-8E001116D4DD}.Debug|x86.ActiveCfg = Debug|Any CPU
		{2A4D8C7D-84F8-4634-911B-8E001116D4DD}.Release|Any CPU.ActiveCfg = Release|Any CPU
		{2A4D8C7D-84F8-4634-911B-8E001116D4DD}.Release|Any CPU.Build.0 = Release|Any CPU
		{2A4D8C7D-84F8-4634-911B-8E001116D4DD}.Release|x64.ActiveCfg = Release|Any CPU
		{2A4D8C7D-84F8-4634-911B-8E001116D4DD}.Release|x86.ActiveCfg = Release|Any CPU
		{B0680F3A-CD65-4BF4-B9B1-EE4B6CBC6D89}.Debug|Any CPU.ActiveCfg = Debug|Any CPU
		{B0680F3A-CD65-4BF4-B9B1-EE4B6CBC6D89}.Debug|Any CPU.Build.0 = Debug|Any CPU
		{B0680F3A-CD65-4BF4-B9B1-EE4B6CBC6D89}.Debug|x64.ActiveCfg = Debug|Any CPU
		{B0680F3A-CD65-4BF4-B9B1-EE4B6CBC6D89}.Debug|x86.ActiveCfg = Debug|Any CPU
		{B0680F3A-CD65-4BF4-B9B1-EE4B6CBC6D89}.Release|Any CPU.ActiveCfg = Release|Any CPU
		{B0680F3A-CD65-4BF4-B9B1-EE4B6CBC6D89}.Release|Any CPU.Build.0 = Release|Any CPU
		{B0680F3A-CD65-4BF4-B9B1-EE4B6CBC6D89}.Release|x64.ActiveCfg = Release|Any CPU
		{B0680F3A-CD65-4BF4-B9B1-EE4B6CBC6D89}.Release|x86.ActiveCfg = Release|Any CPU
		{F34E8A7B-7D85-4D44-9CD3-0BB79567C2DF}.Debug|Any CPU.ActiveCfg = Debug|Any CPU
		{F34E8A7B-7D85-4D44-9CD3-0BB79567C2DF}.Debug|Any CPU.Build.0 = Debug|Any CPU
		{F34E8A7B-7D85-4D44-9CD3-0BB79567C2DF}.Debug|x64.ActiveCfg = Debug|Any CPU
		{F34E8A7B-7D85-4D44-9CD3-0BB79567C2DF}.Debug|x86.ActiveCfg = Debug|Any CPU
		{F34E8A7B-7D85-4D44-9CD3-0BB79567C2DF}.Release|Any CPU.ActiveCfg = Release|Any CPU
		{F34E8A7B-7D85-4D44-9CD3-0BB79567C2DF}.Release|Any CPU.Build.0 = Release|Any CPU
		{F34E8A7B-7D85-4D44-9CD3-0BB79567C2DF}.Release|x64.ActiveCfg = Release|Any CPU
		{F34E8A7B-7D85-4D44-9CD3-0BB79567C2DF}.Release|x86.ActiveCfg = Release|Any CPU
		{80D0D1C9-CBAB-44C4-9A0F-923ACC6A59FA}.Debug|Any CPU.ActiveCfg = Debug|Any CPU
		{80D0D1C9-CBAB-44C4-9A0F-923ACC6A59FA}.Debug|Any CPU.Build.0 = Debug|Any CPU
		{80D0D1C9-CBAB-44C4-9A0F-923ACC6A59FA}.Debug|x64.ActiveCfg = Debug|Any CPU
		{80D0D1C9-CBAB-44C4-9A0F-923ACC6A59FA}.Debug|x86.ActiveCfg = Debug|Any CPU
		{80D0D1C9-CBAB-44C4-9A0F-923ACC6A59FA}.Release|Any CPU.ActiveCfg = Release|Any CPU
		{80D0D1C9-CBAB-44C4-9A0F-923ACC6A59FA}.Release|Any CPU.Build.0 = Release|Any CPU
		{80D0D1C9-CBAB-44C4-9A0F-923ACC6A59FA}.Release|x64.ActiveCfg = Release|Any CPU
		{80D0D1C9-CBAB-44C4-9A0F-923ACC6A59FA}.Release|x86.ActiveCfg = Release|Any CPU
		{C6D01D7B-8F2F-4C37-835C-8605F428B255}.Debug|Any CPU.ActiveCfg = Debug|Any CPU
		{C6D01D7B-8F2F-4C37-835C-8605F428B255}.Debug|Any CPU.Build.0 = Debug|Any CPU
		{C6D01D7B-8F2F-4C37-835C-8605F428B255}.Debug|x64.ActiveCfg = Debug|Any CPU
		{C6D01D7B-8F2F-4C37-835C-8605F428B255}.Debug|x86.ActiveCfg = Debug|Any CPU
		{C6D01D7B-8F2F-4C37-835C-8605F428B255}.Release|Any CPU.ActiveCfg = Release|Any CPU
		{C6D01D7B-8F2F-4C37-835C-8605F428B255}.Release|Any CPU.Build.0 = Release|Any CPU
		{C6D01D7B-8F2F-4C37-835C-8605F428B255}.Release|x64.ActiveCfg = Release|Any CPU
		{C6D01D7B-8F2F-4C37-835C-8605F428B255}.Release|x86.ActiveCfg = Release|Any CPU
		{F18B58D9-E8E8-41F7-883B-3B8C52EC1C49}.Debug|Any CPU.ActiveCfg = Debug|Any CPU
		{F18B58D9-E8E8-41F7-883B-3B8C52EC1C49}.Debug|Any CPU.Build.0 = Debug|Any CPU
		{F18B58D9-E8E8-41F7-883B-3B8C52EC1C49}.Debug|x64.ActiveCfg = Debug|Any CPU
		{F18B58D9-E8E8-41F7-883B-3B8C52EC1C49}.Debug|x86.ActiveCfg = Debug|Any CPU
		{F18B58D9-E8E8-41F7-883B-3B8C52EC1C49}.Release|Any CPU.ActiveCfg = Release|Any CPU
		{F18B58D9-E8E8-41F7-883B-3B8C52EC1C49}.Release|Any CPU.Build.0 = Release|Any CPU
		{F18B58D9-E8E8-41F7-883B-3B8C52EC1C49}.Release|x64.ActiveCfg = Release|Any CPU
		{F18B58D9-E8E8-41F7-883B-3B8C52EC1C49}.Release|x86.ActiveCfg = Release|Any CPU
	EndGlobalSection
	GlobalSection(SolutionProperties) = preSolution
		HideSolutionNode = FALSE
	EndGlobalSection
	GlobalSection(ExtensibilityGlobals) = postSolution
		SolutionGuid = {6EA2FEC1-0027-494E-908E-71EB0A508386}
	EndGlobalSection
EndGlobal
